// !$*UTF8*$!
{
	archiveVersion = 1;
	classes = {
	};
	objectVersion = 56;
	objects = {

/* Begin PBXBuildFile section */
		6F10803A2A7F21B60084BD63 /* IntroView.swift in Sources */ = {isa = PBXBuildFile; fileRef = 6F1080392A7F21B60084BD63 /* IntroView.swift */; };
		6F10803D2A8030350084BD63 /* BackButton.swift in Sources */ = {isa = PBXBuildFile; fileRef = 6F10803C2A8030350084BD63 /* BackButton.swift */; };
		6F1080432A8039E30084BD63 /* Switch.swift in Sources */ = {isa = PBXBuildFile; fileRef = 6F1080422A8039E30084BD63 /* Switch.swift */; };
		6F1080462A803AB20084BD63 /* SwitchItem.swift in Sources */ = {isa = PBXBuildFile; fileRef = 6F1080452A803AB20084BD63 /* SwitchItem.swift */; };
		6F3316B72A7752D500CCFF76 /* CategoryModel.swift in Sources */ = {isa = PBXBuildFile; fileRef = 6F3316B62A7752D500CCFF76 /* CategoryModel.swift */; };
		6F3316B92A77535100CCFF76 /* AddTaskViewModel.swift in Sources */ = {isa = PBXBuildFile; fileRef = 6F3316B82A77535100CCFF76 /* AddTaskViewModel.swift */; };
		6F3316BB2A77537D00CCFF76 /* AddTaskView.swift in Sources */ = {isa = PBXBuildFile; fileRef = 6F3316BA2A77537D00CCFF76 /* AddTaskView.swift */; };
		6F3316BF2A77625C00CCFF76 /* CategoryViewModel.swift in Sources */ = {isa = PBXBuildFile; fileRef = 6F3316BE2A77625C00CCFF76 /* CategoryViewModel.swift */; };
		6F4D05E52A773A1700F54038 /* ToDoSwiftApp.swift in Sources */ = {isa = PBXBuildFile; fileRef = 6F4D05E42A773A1700F54038 /* ToDoSwiftApp.swift */; };
		6F4D05E92A773A1800F54038 /* Assets.xcassets in Resources */ = {isa = PBXBuildFile; fileRef = 6F4D05E82A773A1800F54038 /* Assets.xcassets */; };
		6F4D05ED2A773A1800F54038 /* Preview Assets.xcassets in Resources */ = {isa = PBXBuildFile; fileRef = 6F4D05EC2A773A1800F54038 /* Preview Assets.xcassets */; };
		6F4D05F72A773A1900F54038 /* ToDoSwiftTests.swift in Sources */ = {isa = PBXBuildFile; fileRef = 6F4D05F62A773A1900F54038 /* ToDoSwiftTests.swift */; };
		6F4D06012A773A1900F54038 /* ToDoSwiftUITests.swift in Sources */ = {isa = PBXBuildFile; fileRef = 6F4D06002A773A1900F54038 /* ToDoSwiftUITests.swift */; };
		6F4D06032A773A1900F54038 /* ToDoSwiftUITestsLaunchTests.swift in Sources */ = {isa = PBXBuildFile; fileRef = 6F4D06022A773A1900F54038 /* ToDoSwiftUITestsLaunchTests.swift */; };
		6F4D06142A773B4C00F54038 /* TaskModel.swift in Sources */ = {isa = PBXBuildFile; fileRef = 6F4D06132A773B4C00F54038 /* TaskModel.swift */; };
		6F4D06162A773BC700F54038 /* TaskListViewModel.swift in Sources */ = {isa = PBXBuildFile; fileRef = 6F4D06152A773BC700F54038 /* TaskListViewModel.swift */; };
		6F4D061A2A773C0E00F54038 /* TaskListView.swift in Sources */ = {isa = PBXBuildFile; fileRef = 6F4D06192A773C0E00F54038 /* TaskListView.swift */; };
		6F7029952A7983DB00B4ADC7 /* TaskItem.swift in Sources */ = {isa = PBXBuildFile; fileRef = 6F7029942A7983DB00B4ADC7 /* TaskItem.swift */; };
		6F7029982A79894100B4ADC7 /* SearchBar.swift in Sources */ = {isa = PBXBuildFile; fileRef = 6F7029972A79894100B4ADC7 /* SearchBar.swift */; };
		6F70299C2A79993700B4ADC7 /* tasks.json in Sources */ = {isa = PBXBuildFile; fileRef = 6F70299B2A79993700B4ADC7 /* tasks.json */; };
		6F70299E2A79996F00B4ADC7 /* TaskService.swift in Sources */ = {isa = PBXBuildFile; fileRef = 6F70299D2A79996F00B4ADC7 /* TaskService.swift */; };
		6F7029A12A79E84700B4ADC7 /* StringUtils.swift in Sources */ = {isa = PBXBuildFile; fileRef = 6F7029A02A79E84700B4ADC7 /* StringUtils.swift */; };
		6F7029A42A79FC3E00B4ADC7 /* ValidatedTextField.swift in Sources */ = {isa = PBXBuildFile; fileRef = 6F7029A32A79FC3E00B4ADC7 /* ValidatedTextField.swift */; };
		6F7029A62A79FC5900B4ADC7 /* ValidatedTextFieldViewModel.swift in Sources */ = {isa = PBXBuildFile; fileRef = 6F7029A52A79FC5900B4ADC7 /* ValidatedTextFieldViewModel.swift */; };
		6F8D8B5B2A789BC100C2CE4C /* LoginView.swift in Sources */ = {isa = PBXBuildFile; fileRef = 6F8D8B5A2A789BC100C2CE4C /* LoginView.swift */; };
		6F8D8B5D2A789BFE00C2CE4C /* ContentView.swift in Sources */ = {isa = PBXBuildFile; fileRef = 6F8D8B5C2A789BFE00C2CE4C /* ContentView.swift */; };
		6F8D8B622A78A0A900C2CE4C /* LoginModel.swift in Sources */ = {isa = PBXBuildFile; fileRef = 6F8D8B612A78A0A900C2CE4C /* LoginModel.swift */; };
		6FB240CC2A808D2F001777A2 /* CustomButton.swift in Sources */ = {isa = PBXBuildFile; fileRef = 6FB240CB2A808D2F001777A2 /* CustomButton.swift */; };
		6FB240CF2A8095D3001777A2 /* FirebaseAuth in Frameworks */ = {isa = PBXBuildFile; productRef = 6FB240CE2A8095D3001777A2 /* FirebaseAuth */; };
		6FB240D22A8095FF001777A2 /* GoogleSignIn in Frameworks */ = {isa = PBXBuildFile; productRef = 6FB240D12A8095FF001777A2 /* GoogleSignIn */; };
		6FB240D42A8095FF001777A2 /* GoogleSignInSwift in Frameworks */ = {isa = PBXBuildFile; productRef = 6FB240D32A8095FF001777A2 /* GoogleSignInSwift */; };
		6FB240D62A8096F0001777A2 /* GoogleService-Info.plist in Resources */ = {isa = PBXBuildFile; fileRef = 6FB240D52A8096F0001777A2 /* GoogleService-Info.plist */; };
		6FB240D92A81D67B001777A2 /* GoogleAuthViewModel.swift in Sources */ = {isa = PBXBuildFile; fileRef = 6FB240D82A81D67B001777A2 /* GoogleAuthViewModel.swift */; };
		6FB240DC2A81D73B001777A2 /* GoogleSignInButton.swift in Sources */ = {isa = PBXBuildFile; fileRef = 6FB240DB2A81D73B001777A2 /* GoogleSignInButton.swift */; };
		6FB240DF2A81EEBC001777A2 /* UserDefaultsManager.swift in Sources */ = {isa = PBXBuildFile; fileRef = 6FB240DE2A81EEBC001777A2 /* UserDefaultsManager.swift */; };
		6FB240E12A81F136001777A2 /* LoginManager.swift in Sources */ = {isa = PBXBuildFile; fileRef = 6FB240E02A81F136001777A2 /* LoginManager.swift */; };
		6FB240E32A82AB2F001777A2 /* RegularAuthViewModel.swift in Sources */ = {isa = PBXBuildFile; fileRef = 6FB240E22A82AB2F001777A2 /* RegularAuthViewModel.swift */; };
/* End PBXBuildFile section */

/* Begin PBXContainerItemProxy section */
		6F4D05F32A773A1900F54038 /* PBXContainerItemProxy */ = {
			isa = PBXContainerItemProxy;
			containerPortal = 6F4D05D92A773A1600F54038 /* Project object */;
			proxyType = 1;
			remoteGlobalIDString = 6F4D05E02A773A1700F54038;
			remoteInfo = ToDoSwift;
		};
		6F4D05FD2A773A1900F54038 /* PBXContainerItemProxy */ = {
			isa = PBXContainerItemProxy;
			containerPortal = 6F4D05D92A773A1600F54038 /* Project object */;
			proxyType = 1;
			remoteGlobalIDString = 6F4D05E02A773A1700F54038;
			remoteInfo = ToDoSwift;
		};
/* End PBXContainerItemProxy section */

/* Begin PBXFileReference section */
		6F1080392A7F21B60084BD63 /* IntroView.swift */ = {isa = PBXFileReference; lastKnownFileType = sourcecode.swift; path = IntroView.swift; sourceTree = "<group>"; };
		6F10803C2A8030350084BD63 /* BackButton.swift */ = {isa = PBXFileReference; lastKnownFileType = sourcecode.swift; path = BackButton.swift; sourceTree = "<group>"; };
		6F1080422A8039E30084BD63 /* Switch.swift */ = {isa = PBXFileReference; lastKnownFileType = sourcecode.swift; path = Switch.swift; sourceTree = "<group>"; };
		6F1080452A803AB20084BD63 /* SwitchItem.swift */ = {isa = PBXFileReference; lastKnownFileType = sourcecode.swift; path = SwitchItem.swift; sourceTree = "<group>"; };
		6F3316B62A7752D500CCFF76 /* CategoryModel.swift */ = {isa = PBXFileReference; lastKnownFileType = sourcecode.swift; path = CategoryModel.swift; sourceTree = "<group>"; };
		6F3316B82A77535100CCFF76 /* AddTaskViewModel.swift */ = {isa = PBXFileReference; lastKnownFileType = sourcecode.swift; path = AddTaskViewModel.swift; sourceTree = "<group>"; };
		6F3316BA2A77537D00CCFF76 /* AddTaskView.swift */ = {isa = PBXFileReference; lastKnownFileType = sourcecode.swift; path = AddTaskView.swift; sourceTree = "<group>"; };
		6F3316BE2A77625C00CCFF76 /* CategoryViewModel.swift */ = {isa = PBXFileReference; lastKnownFileType = sourcecode.swift; path = CategoryViewModel.swift; sourceTree = "<group>"; };
		6F4D05E12A773A1700F54038 /* ToDoSwift.app */ = {isa = PBXFileReference; explicitFileType = wrapper.application; includeInIndex = 0; path = ToDoSwift.app; sourceTree = BUILT_PRODUCTS_DIR; };
		6F4D05E42A773A1700F54038 /* ToDoSwiftApp.swift */ = {isa = PBXFileReference; lastKnownFileType = sourcecode.swift; path = ToDoSwiftApp.swift; sourceTree = "<group>"; };
		6F4D05E82A773A1800F54038 /* Assets.xcassets */ = {isa = PBXFileReference; lastKnownFileType = folder.assetcatalog; path = Assets.xcassets; sourceTree = "<group>"; };
		6F4D05EA2A773A1800F54038 /* ToDoSwift.entitlements */ = {isa = PBXFileReference; lastKnownFileType = text.plist.entitlements; path = ToDoSwift.entitlements; sourceTree = "<group>"; };
		6F4D05EC2A773A1800F54038 /* Preview Assets.xcassets */ = {isa = PBXFileReference; lastKnownFileType = folder.assetcatalog; path = "Preview Assets.xcassets"; sourceTree = "<group>"; };
		6F4D05F22A773A1900F54038 /* ToDoSwiftTests.xctest */ = {isa = PBXFileReference; explicitFileType = wrapper.cfbundle; includeInIndex = 0; path = ToDoSwiftTests.xctest; sourceTree = BUILT_PRODUCTS_DIR; };
		6F4D05F62A773A1900F54038 /* ToDoSwiftTests.swift */ = {isa = PBXFileReference; lastKnownFileType = sourcecode.swift; path = ToDoSwiftTests.swift; sourceTree = "<group>"; };
		6F4D05FC2A773A1900F54038 /* ToDoSwiftUITests.xctest */ = {isa = PBXFileReference; explicitFileType = wrapper.cfbundle; includeInIndex = 0; path = ToDoSwiftUITests.xctest; sourceTree = BUILT_PRODUCTS_DIR; };
		6F4D06002A773A1900F54038 /* ToDoSwiftUITests.swift */ = {isa = PBXFileReference; lastKnownFileType = sourcecode.swift; path = ToDoSwiftUITests.swift; sourceTree = "<group>"; };
		6F4D06022A773A1900F54038 /* ToDoSwiftUITestsLaunchTests.swift */ = {isa = PBXFileReference; lastKnownFileType = sourcecode.swift; path = ToDoSwiftUITestsLaunchTests.swift; sourceTree = "<group>"; };
		6F4D06132A773B4C00F54038 /* TaskModel.swift */ = {isa = PBXFileReference; lastKnownFileType = sourcecode.swift; path = TaskModel.swift; sourceTree = "<group>"; };
		6F4D06152A773BC700F54038 /* TaskListViewModel.swift */ = {isa = PBXFileReference; lastKnownFileType = sourcecode.swift; path = TaskListViewModel.swift; sourceTree = "<group>"; };
		6F4D06192A773C0E00F54038 /* TaskListView.swift */ = {isa = PBXFileReference; lastKnownFileType = sourcecode.swift; path = TaskListView.swift; sourceTree = "<group>"; };
		6F7029942A7983DB00B4ADC7 /* TaskItem.swift */ = {isa = PBXFileReference; lastKnownFileType = sourcecode.swift; path = TaskItem.swift; sourceTree = "<group>"; };
		6F7029972A79894100B4ADC7 /* SearchBar.swift */ = {isa = PBXFileReference; lastKnownFileType = sourcecode.swift; path = SearchBar.swift; sourceTree = "<group>"; };
		6F70299B2A79993700B4ADC7 /* tasks.json */ = {isa = PBXFileReference; lastKnownFileType = text.json; path = tasks.json; sourceTree = "<group>"; };
		6F70299D2A79996F00B4ADC7 /* TaskService.swift */ = {isa = PBXFileReference; lastKnownFileType = sourcecode.swift; path = TaskService.swift; sourceTree = "<group>"; };
		6F7029A02A79E84700B4ADC7 /* StringUtils.swift */ = {isa = PBXFileReference; lastKnownFileType = sourcecode.swift; path = StringUtils.swift; sourceTree = "<group>"; };
		6F7029A32A79FC3E00B4ADC7 /* ValidatedTextField.swift */ = {isa = PBXFileReference; lastKnownFileType = sourcecode.swift; path = ValidatedTextField.swift; sourceTree = "<group>"; };
		6F7029A52A79FC5900B4ADC7 /* ValidatedTextFieldViewModel.swift */ = {isa = PBXFileReference; lastKnownFileType = sourcecode.swift; path = ValidatedTextFieldViewModel.swift; sourceTree = "<group>"; };
		6F8D8B5A2A789BC100C2CE4C /* LoginView.swift */ = {isa = PBXFileReference; lastKnownFileType = sourcecode.swift; path = LoginView.swift; sourceTree = "<group>"; };
		6F8D8B5C2A789BFE00C2CE4C /* ContentView.swift */ = {isa = PBXFileReference; lastKnownFileType = sourcecode.swift; path = ContentView.swift; sourceTree = "<group>"; };
		6F8D8B612A78A0A900C2CE4C /* LoginModel.swift */ = {isa = PBXFileReference; lastKnownFileType = sourcecode.swift; path = LoginModel.swift; sourceTree = "<group>"; };
		6FB240CB2A808D2F001777A2 /* CustomButton.swift */ = {isa = PBXFileReference; lastKnownFileType = sourcecode.swift; path = CustomButton.swift; sourceTree = "<group>"; };
		6FB240D52A8096F0001777A2 /* GoogleService-Info.plist */ = {isa = PBXFileReference; fileEncoding = 4; lastKnownFileType = text.plist.xml; path = "GoogleService-Info.plist"; sourceTree = "<group>"; };
		6FB240D72A81D636001777A2 /* Info.plist */ = {isa = PBXFileReference; lastKnownFileType = text.plist; path = Info.plist; sourceTree = "<group>"; };
		6FB240D82A81D67B001777A2 /* GoogleAuthViewModel.swift */ = {isa = PBXFileReference; lastKnownFileType = sourcecode.swift; path = GoogleAuthViewModel.swift; sourceTree = "<group>"; };
		6FB240DB2A81D73B001777A2 /* GoogleSignInButton.swift */ = {isa = PBXFileReference; lastKnownFileType = sourcecode.swift; path = GoogleSignInButton.swift; sourceTree = "<group>"; };
		6FB240DE2A81EEBC001777A2 /* UserDefaultsManager.swift */ = {isa = PBXFileReference; lastKnownFileType = sourcecode.swift; path = UserDefaultsManager.swift; sourceTree = "<group>"; };
		6FB240E02A81F136001777A2 /* LoginManager.swift */ = {isa = PBXFileReference; lastKnownFileType = sourcecode.swift; path = LoginManager.swift; sourceTree = "<group>"; };
		6FB240E22A82AB2F001777A2 /* RegularAuthViewModel.swift */ = {isa = PBXFileReference; lastKnownFileType = sourcecode.swift; path = RegularAuthViewModel.swift; sourceTree = "<group>"; };
/* End PBXFileReference section */

/* Begin PBXFrameworksBuildPhase section */
		6F4D05DE2A773A1700F54038 /* Frameworks */ = {
			isa = PBXFrameworksBuildPhase;
			buildActionMask = 2147483647;
			files = (
				6FB240D42A8095FF001777A2 /* GoogleSignInSwift in Frameworks */,
				6FB240CF2A8095D3001777A2 /* FirebaseAuth in Frameworks */,
				6FB240D22A8095FF001777A2 /* GoogleSignIn in Frameworks */,
			);
			runOnlyForDeploymentPostprocessing = 0;
		};
		6F4D05EF2A773A1900F54038 /* Frameworks */ = {
			isa = PBXFrameworksBuildPhase;
			buildActionMask = 2147483647;
			files = (
			);
			runOnlyForDeploymentPostprocessing = 0;
		};
		6F4D05F92A773A1900F54038 /* Frameworks */ = {
			isa = PBXFrameworksBuildPhase;
			buildActionMask = 2147483647;
			files = (
			);
			runOnlyForDeploymentPostprocessing = 0;
		};
/* End PBXFrameworksBuildPhase section */

/* Begin PBXGroup section */
		6F1080322A7F18880084BD63 /* TasksListView */ = {
			isa = PBXGroup;
			children = (
				6F4D06152A773BC700F54038 /* TaskListViewModel.swift */,
				6F4D06192A773C0E00F54038 /* TaskListView.swift */,
			);
			path = TasksListView;
			sourceTree = "<group>";
		};
		6F1080332A7F198F0084BD63 /* AddTaskView */ = {
			isa = PBXGroup;
			children = (
				6F3316B82A77535100CCFF76 /* AddTaskViewModel.swift */,
				6F3316BA2A77537D00CCFF76 /* AddTaskView.swift */,
			);
			path = AddTaskView;
			sourceTree = "<group>";
		};
		6F1080342A7F199E0084BD63 /* LoginView */ = {
			isa = PBXGroup;
			children = (
				6F8D8B5A2A789BC100C2CE4C /* LoginView.swift */,
			);
			path = LoginView;
			sourceTree = "<group>";
		};
		6F1080362A7F19F70084BD63 /* TaskItem */ = {
			isa = PBXGroup;
			children = (
				6F7029942A7983DB00B4ADC7 /* TaskItem.swift */,
			);
			path = TaskItem;
			sourceTree = "<group>";
		};
		6F1080372A7F1A290084BD63 /* SearchBar */ = {
			isa = PBXGroup;
			children = (
				6F7029972A79894100B4ADC7 /* SearchBar.swift */,
			);
			path = SearchBar;
			sourceTree = "<group>";
		};
		6F1080382A7F21A00084BD63 /* IntroView */ = {
			isa = PBXGroup;
			children = (
				6F1080392A7F21B60084BD63 /* IntroView.swift */,
			);
			path = IntroView;
			sourceTree = "<group>";
		};
		6F10803B2A80301D0084BD63 /* BackButton */ = {
			isa = PBXGroup;
			children = (
				6F10803C2A8030350084BD63 /* BackButton.swift */,
			);
			path = BackButton;
			sourceTree = "<group>";
		};
		6F1080412A8039B50084BD63 /* Switch */ = {
			isa = PBXGroup;
			children = (
				6F1080422A8039E30084BD63 /* Switch.swift */,
			);
			path = Switch;
			sourceTree = "<group>";
		};
		6F1080442A803A690084BD63 /* SwitchItem */ = {
			isa = PBXGroup;
			children = (
				6F1080452A803AB20084BD63 /* SwitchItem.swift */,
			);
			path = SwitchItem;
			sourceTree = "<group>";
		};
		6F4D05D82A773A1600F54038 = {
			isa = PBXGroup;
			children = (
				6F4D05E32A773A1700F54038 /* ToDoSwift */,
				6F4D05F52A773A1900F54038 /* ToDoSwiftTests */,
				6F4D05FF2A773A1900F54038 /* ToDoSwiftUITests */,
				6F4D05E22A773A1700F54038 /* Products */,
			);
			sourceTree = "<group>";
		};
		6F4D05E22A773A1700F54038 /* Products */ = {
			isa = PBXGroup;
			children = (
				6F4D05E12A773A1700F54038 /* ToDoSwift.app */,
				6F4D05F22A773A1900F54038 /* ToDoSwiftTests.xctest */,
				6F4D05FC2A773A1900F54038 /* ToDoSwiftUITests.xctest */,
			);
			name = Products;
			sourceTree = "<group>";
		};
		6F4D05E32A773A1700F54038 /* ToDoSwift */ = {
			isa = PBXGroup;
			children = (
				6FB240DD2A81EEAC001777A2 /* Managers */,
				6FB240D72A81D636001777A2 /* Info.plist */,
				6FB240D52A8096F0001777A2 /* GoogleService-Info.plist */,
				6F70299F2A79E83F00B4ADC7 /* Utils */,
				6F70299A2A7998F600B4ADC7 /* DummyData */,
				6F7029992A7998EF00B4ADC7 /* Services */,
				6F7029962A79892600B4ADC7 /* Components */,
				6F4D06122A773A8F00F54038 /* ViewModels */,
				6F4D06112A773A8900F54038 /* Models */,
				6F4D06102A773A8000F54038 /* Views */,
				6F4D060F2A773A6400F54038 /* General */,
				6F4D05E82A773A1800F54038 /* Assets.xcassets */,
				6F4D05EA2A773A1800F54038 /* ToDoSwift.entitlements */,
				6F4D05EB2A773A1800F54038 /* Preview Content */,
			);
			path = ToDoSwift;
			sourceTree = "<group>";
		};
		6F4D05EB2A773A1800F54038 /* Preview Content */ = {
			isa = PBXGroup;
			children = (
				6F4D05EC2A773A1800F54038 /* Preview Assets.xcassets */,
			);
			path = "Preview Content";
			sourceTree = "<group>";
		};
		6F4D05F52A773A1900F54038 /* ToDoSwiftTests */ = {
			isa = PBXGroup;
			children = (
				6F4D05F62A773A1900F54038 /* ToDoSwiftTests.swift */,
			);
			path = ToDoSwiftTests;
			sourceTree = "<group>";
		};
		6F4D05FF2A773A1900F54038 /* ToDoSwiftUITests */ = {
			isa = PBXGroup;
			children = (
				6F4D06002A773A1900F54038 /* ToDoSwiftUITests.swift */,
				6F4D06022A773A1900F54038 /* ToDoSwiftUITestsLaunchTests.swift */,
			);
			path = ToDoSwiftUITests;
			sourceTree = "<group>";
		};
		6F4D060F2A773A6400F54038 /* General */ = {
			isa = PBXGroup;
			children = (
				6F4D05E42A773A1700F54038 /* ToDoSwiftApp.swift */,
			);
			path = General;
			sourceTree = "<group>";
		};
		6F4D06102A773A8000F54038 /* Views */ = {
			isa = PBXGroup;
			children = (
				6F1080382A7F21A00084BD63 /* IntroView */,
				6F1080342A7F199E0084BD63 /* LoginView */,
				6F1080332A7F198F0084BD63 /* AddTaskView */,
				6F1080322A7F18880084BD63 /* TasksListView */,
				6F8D8B5C2A789BFE00C2CE4C /* ContentView.swift */,
			);
			path = Views;
			sourceTree = "<group>";
		};
		6F4D06112A773A8900F54038 /* Models */ = {
			isa = PBXGroup;
			children = (
				6F4D06132A773B4C00F54038 /* TaskModel.swift */,
				6F3316B62A7752D500CCFF76 /* CategoryModel.swift */,
				6F8D8B612A78A0A900C2CE4C /* LoginModel.swift */,
			);
			path = Models;
			sourceTree = "<group>";
		};
		6F4D06122A773A8F00F54038 /* ViewModels */ = {
			isa = PBXGroup;
			children = (
				6F3316BE2A77625C00CCFF76 /* CategoryViewModel.swift */,
				6FB240D82A81D67B001777A2 /* GoogleAuthViewModel.swift */,
				6FB240E22A82AB2F001777A2 /* RegularAuthViewModel.swift */,
			);
			path = ViewModels;
			sourceTree = "<group>";
		};
		6F7029962A79892600B4ADC7 /* Components */ = {
			isa = PBXGroup;
			children = (
				6FB240DA2A81D733001777A2 /* GoogleSignInButton */,
				6FB240CA2A808CD3001777A2 /* CustomButton */,
				6F1080442A803A690084BD63 /* SwitchItem */,
				6F1080412A8039B50084BD63 /* Switch */,
				6F10803B2A80301D0084BD63 /* BackButton */,
				6F1080372A7F1A290084BD63 /* SearchBar */,
				6F1080362A7F19F70084BD63 /* TaskItem */,
				6F7029A22A79FC2500B4ADC7 /* ValidatedTextField */,
			);
			path = Components;
			sourceTree = "<group>";
		};
		6F7029992A7998EF00B4ADC7 /* Services */ = {
			isa = PBXGroup;
			children = (
				6F70299D2A79996F00B4ADC7 /* TaskService.swift */,
			);
			path = Services;
			sourceTree = "<group>";
		};
		6F70299A2A7998F600B4ADC7 /* DummyData */ = {
			isa = PBXGroup;
			children = (
				6F70299B2A79993700B4ADC7 /* tasks.json */,
			);
			path = DummyData;
			sourceTree = "<group>";
		};
		6F70299F2A79E83F00B4ADC7 /* Utils */ = {
			isa = PBXGroup;
			children = (
				6F7029A02A79E84700B4ADC7 /* StringUtils.swift */,
			);
			path = Utils;
			sourceTree = "<group>";
		};
		6F7029A22A79FC2500B4ADC7 /* ValidatedTextField */ = {
			isa = PBXGroup;
			children = (
				6F7029A32A79FC3E00B4ADC7 /* ValidatedTextField.swift */,
				6F7029A52A79FC5900B4ADC7 /* ValidatedTextFieldViewModel.swift */,
			);
			path = ValidatedTextField;
			sourceTree = "<group>";
		};
		6FB240CA2A808CD3001777A2 /* CustomButton */ = {
			isa = PBXGroup;
			children = (
				6FB240CB2A808D2F001777A2 /* CustomButton.swift */,
			);
			path = CustomButton;
			sourceTree = "<group>";
		};
		6FB240DA2A81D733001777A2 /* GoogleSignInButton */ = {
			isa = PBXGroup;
			children = (
				6FB240DB2A81D73B001777A2 /* GoogleSignInButton.swift */,
			);
			path = GoogleSignInButton;
			sourceTree = "<group>";
		};
		6FB240DD2A81EEAC001777A2 /* Managers */ = {
			isa = PBXGroup;
			children = (
				6FB240DE2A81EEBC001777A2 /* UserDefaultsManager.swift */,
				6FB240E02A81F136001777A2 /* LoginManager.swift */,
			);
			path = Managers;
			sourceTree = "<group>";
		};
/* End PBXGroup section */

/* Begin PBXNativeTarget section */
		6F4D05E02A773A1700F54038 /* ToDoSwift */ = {
			isa = PBXNativeTarget;
			buildConfigurationList = 6F4D06062A773A1900F54038 /* Build configuration list for PBXNativeTarget "ToDoSwift" */;
			buildPhases = (
				6F4D05DD2A773A1700F54038 /* Sources */,
				6F4D05DE2A773A1700F54038 /* Frameworks */,
				6F4D05DF2A773A1700F54038 /* Resources */,
			);
			buildRules = (
			);
			dependencies = (
			);
			name = ToDoSwift;
			packageProductDependencies = (
				6FB240CE2A8095D3001777A2 /* FirebaseAuth */,
				6FB240D12A8095FF001777A2 /* GoogleSignIn */,
				6FB240D32A8095FF001777A2 /* GoogleSignInSwift */,
			);
			productName = ToDoSwift;
			productReference = 6F4D05E12A773A1700F54038 /* ToDoSwift.app */;
			productType = "com.apple.product-type.application";
		};
		6F4D05F12A773A1900F54038 /* ToDoSwiftTests */ = {
			isa = PBXNativeTarget;
			buildConfigurationList = 6F4D06092A773A1900F54038 /* Build configuration list for PBXNativeTarget "ToDoSwiftTests" */;
			buildPhases = (
				6F4D05EE2A773A1900F54038 /* Sources */,
				6F4D05EF2A773A1900F54038 /* Frameworks */,
				6F4D05F02A773A1900F54038 /* Resources */,
			);
			buildRules = (
			);
			dependencies = (
				6F4D05F42A773A1900F54038 /* PBXTargetDependency */,
			);
			name = ToDoSwiftTests;
			productName = ToDoSwiftTests;
			productReference = 6F4D05F22A773A1900F54038 /* ToDoSwiftTests.xctest */;
			productType = "com.apple.product-type.bundle.unit-test";
		};
		6F4D05FB2A773A1900F54038 /* ToDoSwiftUITests */ = {
			isa = PBXNativeTarget;
			buildConfigurationList = 6F4D060C2A773A1900F54038 /* Build configuration list for PBXNativeTarget "ToDoSwiftUITests" */;
			buildPhases = (
				6F4D05F82A773A1900F54038 /* Sources */,
				6F4D05F92A773A1900F54038 /* Frameworks */,
				6F4D05FA2A773A1900F54038 /* Resources */,
			);
			buildRules = (
			);
			dependencies = (
				6F4D05FE2A773A1900F54038 /* PBXTargetDependency */,
			);
			name = ToDoSwiftUITests;
			productName = ToDoSwiftUITests;
			productReference = 6F4D05FC2A773A1900F54038 /* ToDoSwiftUITests.xctest */;
			productType = "com.apple.product-type.bundle.ui-testing";
		};
/* End PBXNativeTarget section */

/* Begin PBXProject section */
		6F4D05D92A773A1600F54038 /* Project object */ = {
			isa = PBXProject;
			attributes = {
				BuildIndependentTargetsInParallel = 1;
				LastSwiftUpdateCheck = 1430;
				LastUpgradeCheck = 1430;
				TargetAttributes = {
					6F4D05E02A773A1700F54038 = {
						CreatedOnToolsVersion = 14.3.1;
					};
					6F4D05F12A773A1900F54038 = {
						CreatedOnToolsVersion = 14.3.1;
						TestTargetID = 6F4D05E02A773A1700F54038;
					};
					6F4D05FB2A773A1900F54038 = {
						CreatedOnToolsVersion = 14.3.1;
						TestTargetID = 6F4D05E02A773A1700F54038;
					};
				};
			};
			buildConfigurationList = 6F4D05DC2A773A1600F54038 /* Build configuration list for PBXProject "ToDoSwift" */;
			compatibilityVersion = "Xcode 14.0";
			developmentRegion = en;
			hasScannedForEncodings = 0;
			knownRegions = (
				en,
				Base,
			);
			mainGroup = 6F4D05D82A773A1600F54038;
			packageReferences = (
				6FB240CD2A8095D2001777A2 /* XCRemoteSwiftPackageReference "firebase-ios-sdk" */,
				6FB240D02A8095FF001777A2 /* XCRemoteSwiftPackageReference "GoogleSignIn-iOS" */,
			);
			productRefGroup = 6F4D05E22A773A1700F54038 /* Products */;
			projectDirPath = "";
			projectRoot = "";
			targets = (
				6F4D05E02A773A1700F54038 /* ToDoSwift */,
				6F4D05F12A773A1900F54038 /* ToDoSwiftTests */,
				6F4D05FB2A773A1900F54038 /* ToDoSwiftUITests */,
			);
		};
/* End PBXProject section */

/* Begin PBXResourcesBuildPhase section */
		6F4D05DF2A773A1700F54038 /* Resources */ = {
			isa = PBXResourcesBuildPhase;
			buildActionMask = 2147483647;
			files = (
				6F4D05ED2A773A1800F54038 /* Preview Assets.xcassets in Resources */,
				6F4D05E92A773A1800F54038 /* Assets.xcassets in Resources */,
				6FB240D62A8096F0001777A2 /* GoogleService-Info.plist in Resources */,
			);
			runOnlyForDeploymentPostprocessing = 0;
		};
		6F4D05F02A773A1900F54038 /* Resources */ = {
			isa = PBXResourcesBuildPhase;
			buildActionMask = 2147483647;
			files = (
			);
			runOnlyForDeploymentPostprocessing = 0;
		};
		6F4D05FA2A773A1900F54038 /* Resources */ = {
			isa = PBXResourcesBuildPhase;
			buildActionMask = 2147483647;
			files = (
			);
			runOnlyForDeploymentPostprocessing = 0;
		};
/* End PBXResourcesBuildPhase section */

/* Begin PBXSourcesBuildPhase section */
		6F4D05DD2A773A1700F54038 /* Sources */ = {
			isa = PBXSourcesBuildPhase;
			buildActionMask = 2147483647;
			files = (
				6F7029A12A79E84700B4ADC7 /* StringUtils.swift in Sources */,
				6F10803A2A7F21B60084BD63 /* IntroView.swift in Sources */,
				6F7029A62A79FC5900B4ADC7 /* ValidatedTextFieldViewModel.swift in Sources */,
				6F1080432A8039E30084BD63 /* Switch.swift in Sources */,
				6F4D06142A773B4C00F54038 /* TaskModel.swift in Sources */,
				6F7029952A7983DB00B4ADC7 /* TaskItem.swift in Sources */,
				6FB240E32A82AB2F001777A2 /* RegularAuthViewModel.swift in Sources */,
				6F10803D2A8030350084BD63 /* BackButton.swift in Sources */,
				6F7029982A79894100B4ADC7 /* SearchBar.swift in Sources */,
				6F8D8B5D2A789BFE00C2CE4C /* ContentView.swift in Sources */,
				6FB240E12A81F136001777A2 /* LoginManager.swift in Sources */,
				6F1080462A803AB20084BD63 /* SwitchItem.swift in Sources */,
				6FB240DC2A81D73B001777A2 /* GoogleSignInButton.swift in Sources */,
				6F3316B92A77535100CCFF76 /* AddTaskViewModel.swift in Sources */,
				6FB240D92A81D67B001777A2 /* GoogleAuthViewModel.swift in Sources */,
				6F7029A42A79FC3E00B4ADC7 /* ValidatedTextField.swift in Sources */,
				6F4D06162A773BC700F54038 /* TaskListViewModel.swift in Sources */,
				6F4D05E52A773A1700F54038 /* ToDoSwiftApp.swift in Sources */,
				6F3316BF2A77625C00CCFF76 /* CategoryViewModel.swift in Sources */,
				6F3316B72A7752D500CCFF76 /* CategoryModel.swift in Sources */,
				6F8D8B622A78A0A900C2CE4C /* LoginModel.swift in Sources */,
				6F4D061A2A773C0E00F54038 /* TaskListView.swift in Sources */,
				6F70299E2A79996F00B4ADC7 /* TaskService.swift in Sources */,
				6F70299C2A79993700B4ADC7 /* tasks.json in Sources */,
				6FB240CC2A808D2F001777A2 /* CustomButton.swift in Sources */,
				6FB240DF2A81EEBC001777A2 /* UserDefaultsManager.swift in Sources */,
				6F3316BB2A77537D00CCFF76 /* AddTaskView.swift in Sources */,
				6F8D8B5B2A789BC100C2CE4C /* LoginView.swift in Sources */,
			);
			runOnlyForDeploymentPostprocessing = 0;
		};
		6F4D05EE2A773A1900F54038 /* Sources */ = {
			isa = PBXSourcesBuildPhase;
			buildActionMask = 2147483647;
			files = (
				6F4D05F72A773A1900F54038 /* ToDoSwiftTests.swift in Sources */,
			);
			runOnlyForDeploymentPostprocessing = 0;
		};
		6F4D05F82A773A1900F54038 /* Sources */ = {
			isa = PBXSourcesBuildPhase;
			buildActionMask = 2147483647;
			files = (
				6F4D06032A773A1900F54038 /* ToDoSwiftUITestsLaunchTests.swift in Sources */,
				6F4D06012A773A1900F54038 /* ToDoSwiftUITests.swift in Sources */,
			);
			runOnlyForDeploymentPostprocessing = 0;
		};
/* End PBXSourcesBuildPhase section */

/* Begin PBXTargetDependency section */
		6F4D05F42A773A1900F54038 /* PBXTargetDependency */ = {
			isa = PBXTargetDependency;
			target = 6F4D05E02A773A1700F54038 /* ToDoSwift */;
			targetProxy = 6F4D05F32A773A1900F54038 /* PBXContainerItemProxy */;
		};
		6F4D05FE2A773A1900F54038 /* PBXTargetDependency */ = {
			isa = PBXTargetDependency;
			target = 6F4D05E02A773A1700F54038 /* ToDoSwift */;
			targetProxy = 6F4D05FD2A773A1900F54038 /* PBXContainerItemProxy */;
		};
/* End PBXTargetDependency section */

/* Begin XCBuildConfiguration section */
		6F4D06042A773A1900F54038 /* Debug */ = {
			isa = XCBuildConfiguration;
			buildSettings = {
				ALWAYS_SEARCH_USER_PATHS = NO;
				CLANG_ANALYZER_NONNULL = YES;
				CLANG_ANALYZER_NUMBER_OBJECT_CONVERSION = YES_AGGRESSIVE;
				CLANG_CXX_LANGUAGE_STANDARD = "gnu++20";
				CLANG_ENABLE_MODULES = YES;
				CLANG_ENABLE_OBJC_ARC = YES;
				CLANG_ENABLE_OBJC_WEAK = YES;
				CLANG_WARN_BLOCK_CAPTURE_AUTORELEASING = YES;
				CLANG_WARN_BOOL_CONVERSION = YES;
				CLANG_WARN_COMMA = YES;
				CLANG_WARN_CONSTANT_CONVERSION = YES;
				CLANG_WARN_DEPRECATED_OBJC_IMPLEMENTATIONS = YES;
				CLANG_WARN_DIRECT_OBJC_ISA_USAGE = YES_ERROR;
				CLANG_WARN_DOCUMENTATION_COMMENTS = YES;
				CLANG_WARN_EMPTY_BODY = YES;
				CLANG_WARN_ENUM_CONVERSION = YES;
				CLANG_WARN_INFINITE_RECURSION = YES;
				CLANG_WARN_INT_CONVERSION = YES;
				CLANG_WARN_NON_LITERAL_NULL_CONVERSION = YES;
				CLANG_WARN_OBJC_IMPLICIT_RETAIN_SELF = YES;
				CLANG_WARN_OBJC_LITERAL_CONVERSION = YES;
				CLANG_WARN_OBJC_ROOT_CLASS = YES_ERROR;
				CLANG_WARN_QUOTED_INCLUDE_IN_FRAMEWORK_HEADER = YES;
				CLANG_WARN_RANGE_LOOP_ANALYSIS = YES;
				CLANG_WARN_STRICT_PROTOTYPES = YES;
				CLANG_WARN_SUSPICIOUS_MOVE = YES;
				CLANG_WARN_UNGUARDED_AVAILABILITY = YES_AGGRESSIVE;
				CLANG_WARN_UNREACHABLE_CODE = YES;
				CLANG_WARN__DUPLICATE_METHOD_MATCH = YES;
				COPY_PHASE_STRIP = NO;
				DEBUG_INFORMATION_FORMAT = dwarf;
				ENABLE_STRICT_OBJC_MSGSEND = YES;
				ENABLE_TESTABILITY = YES;
				GCC_C_LANGUAGE_STANDARD = gnu11;
				GCC_DYNAMIC_NO_PIC = NO;
				GCC_NO_COMMON_BLOCKS = YES;
				GCC_OPTIMIZATION_LEVEL = 0;
				GCC_PREPROCESSOR_DEFINITIONS = (
					"DEBUG=1",
					"$(inherited)",
				);
				GCC_WARN_64_TO_32_BIT_CONVERSION = YES;
				GCC_WARN_ABOUT_RETURN_TYPE = YES_ERROR;
				GCC_WARN_UNDECLARED_SELECTOR = YES;
				GCC_WARN_UNINITIALIZED_AUTOS = YES_AGGRESSIVE;
				GCC_WARN_UNUSED_FUNCTION = YES;
				GCC_WARN_UNUSED_VARIABLE = YES;
				MTL_ENABLE_DEBUG_INFO = INCLUDE_SOURCE;
				MTL_FAST_MATH = YES;
				ONLY_ACTIVE_ARCH = YES;
				SWIFT_ACTIVE_COMPILATION_CONDITIONS = DEBUG;
				SWIFT_OPTIMIZATION_LEVEL = "-Onone";
			};
			name = Debug;
		};
		6F4D06052A773A1900F54038 /* Release */ = {
			isa = XCBuildConfiguration;
			buildSettings = {
				ALWAYS_SEARCH_USER_PATHS = NO;
				CLANG_ANALYZER_NONNULL = YES;
				CLANG_ANALYZER_NUMBER_OBJECT_CONVERSION = YES_AGGRESSIVE;
				CLANG_CXX_LANGUAGE_STANDARD = "gnu++20";
				CLANG_ENABLE_MODULES = YES;
				CLANG_ENABLE_OBJC_ARC = YES;
				CLANG_ENABLE_OBJC_WEAK = YES;
				CLANG_WARN_BLOCK_CAPTURE_AUTORELEASING = YES;
				CLANG_WARN_BOOL_CONVERSION = YES;
				CLANG_WARN_COMMA = YES;
				CLANG_WARN_CONSTANT_CONVERSION = YES;
				CLANG_WARN_DEPRECATED_OBJC_IMPLEMENTATIONS = YES;
				CLANG_WARN_DIRECT_OBJC_ISA_USAGE = YES_ERROR;
				CLANG_WARN_DOCUMENTATION_COMMENTS = YES;
				CLANG_WARN_EMPTY_BODY = YES;
				CLANG_WARN_ENUM_CONVERSION = YES;
				CLANG_WARN_INFINITE_RECURSION = YES;
				CLANG_WARN_INT_CONVERSION = YES;
				CLANG_WARN_NON_LITERAL_NULL_CONVERSION = YES;
				CLANG_WARN_OBJC_IMPLICIT_RETAIN_SELF = YES;
				CLANG_WARN_OBJC_LITERAL_CONVERSION = YES;
				CLANG_WARN_OBJC_ROOT_CLASS = YES_ERROR;
				CLANG_WARN_QUOTED_INCLUDE_IN_FRAMEWORK_HEADER = YES;
				CLANG_WARN_RANGE_LOOP_ANALYSIS = YES;
				CLANG_WARN_STRICT_PROTOTYPES = YES;
				CLANG_WARN_SUSPICIOUS_MOVE = YES;
				CLANG_WARN_UNGUARDED_AVAILABILITY = YES_AGGRESSIVE;
				CLANG_WARN_UNREACHABLE_CODE = YES;
				CLANG_WARN__DUPLICATE_METHOD_MATCH = YES;
				COPY_PHASE_STRIP = NO;
				DEBUG_INFORMATION_FORMAT = "dwarf-with-dsym";
				ENABLE_NS_ASSERTIONS = NO;
				ENABLE_STRICT_OBJC_MSGSEND = YES;
				GCC_C_LANGUAGE_STANDARD = gnu11;
				GCC_NO_COMMON_BLOCKS = YES;
				GCC_WARN_64_TO_32_BIT_CONVERSION = YES;
				GCC_WARN_ABOUT_RETURN_TYPE = YES_ERROR;
				GCC_WARN_UNDECLARED_SELECTOR = YES;
				GCC_WARN_UNINITIALIZED_AUTOS = YES_AGGRESSIVE;
				GCC_WARN_UNUSED_FUNCTION = YES;
				GCC_WARN_UNUSED_VARIABLE = YES;
				MTL_ENABLE_DEBUG_INFO = NO;
				MTL_FAST_MATH = YES;
				SWIFT_COMPILATION_MODE = wholemodule;
				SWIFT_OPTIMIZATION_LEVEL = "-O";
			};
			name = Release;
		};
		6F4D06072A773A1900F54038 /* Debug */ = {
			isa = XCBuildConfiguration;
			buildSettings = {
				ASSETCATALOG_COMPILER_APPICON_NAME = AppIcon;
				ASSETCATALOG_COMPILER_GLOBAL_ACCENT_COLOR_NAME = AccentColor;
				CODE_SIGN_ENTITLEMENTS = ToDoSwift/ToDoSwift.entitlements;
				CODE_SIGN_STYLE = Automatic;
				CURRENT_PROJECT_VERSION = 1;
				DEVELOPMENT_ASSET_PATHS = "\"ToDoSwift/Preview Content\"";
				DEVELOPMENT_TEAM = HG3KB3UXFA;
				ENABLE_HARDENED_RUNTIME = YES;
				ENABLE_PREVIEWS = YES;
				GCC_WARN_UNUSED_LABEL = YES;
				GCC_WARN_UNUSED_PARAMETER = YES;
				GENERATE_INFOPLIST_FILE = YES;
				INFOPLIST_FILE = ToDoSwift/Info.plist;
				"INFOPLIST_KEY_UIApplicationSceneManifest_Generation[sdk=iphoneos*]" = YES;
				"INFOPLIST_KEY_UIApplicationSceneManifest_Generation[sdk=iphonesimulator*]" = YES;
				"INFOPLIST_KEY_UIApplicationSupportsIndirectInputEvents[sdk=iphoneos*]" = YES;
				"INFOPLIST_KEY_UIApplicationSupportsIndirectInputEvents[sdk=iphonesimulator*]" = YES;
				"INFOPLIST_KEY_UILaunchScreen_Generation[sdk=iphoneos*]" = YES;
				"INFOPLIST_KEY_UILaunchScreen_Generation[sdk=iphonesimulator*]" = YES;
				"INFOPLIST_KEY_UIStatusBarStyle[sdk=iphoneos*]" = UIStatusBarStyleDefault;
				"INFOPLIST_KEY_UIStatusBarStyle[sdk=iphonesimulator*]" = UIStatusBarStyleDefault;
				INFOPLIST_KEY_UISupportedInterfaceOrientations_iPad = "UIInterfaceOrientationPortrait UIInterfaceOrientationPortraitUpsideDown UIInterfaceOrientationLandscapeLeft UIInterfaceOrientationLandscapeRight";
				INFOPLIST_KEY_UISupportedInterfaceOrientations_iPhone = "UIInterfaceOrientationPortrait UIInterfaceOrientationLandscapeLeft UIInterfaceOrientationLandscapeRight";
				IPHONEOS_DEPLOYMENT_TARGET = 16.4;
				LD_RUNPATH_SEARCH_PATHS = "@executable_path/Frameworks";
				"LD_RUNPATH_SEARCH_PATHS[sdk=macosx*]" = "@executable_path/../Frameworks";
				MACOSX_DEPLOYMENT_TARGET = 13.3;
				MARKETING_VERSION = 1.0;
				PRODUCT_BUNDLE_IDENTIFIER = SwiftTest.ToDoSwift;
				PRODUCT_NAME = "$(TARGET_NAME)";
				SDKROOT = auto;
				SUPPORTED_PLATFORMS = "iphoneos iphonesimulator macosx";
				SWIFT_EMIT_LOC_STRINGS = YES;
				SWIFT_VERSION = 5.0;
				TARGETED_DEVICE_FAMILY = "1,2";
			};
			name = Debug;
		};
		6F4D06082A773A1900F54038 /* Release */ = {
			isa = XCBuildConfiguration;
			buildSettings = {
				ASSETCATALOG_COMPILER_APPICON_NAME = AppIcon;
				ASSETCATALOG_COMPILER_GLOBAL_ACCENT_COLOR_NAME = AccentColor;
				CODE_SIGN_ENTITLEMENTS = ToDoSwift/ToDoSwift.entitlements;
				CODE_SIGN_STYLE = Automatic;
				CURRENT_PROJECT_VERSION = 1;
				DEVELOPMENT_ASSET_PATHS = "\"ToDoSwift/Preview Content\"";
				DEVELOPMENT_TEAM = HG3KB3UXFA;
				ENABLE_HARDENED_RUNTIME = YES;
				ENABLE_PREVIEWS = YES;
				GCC_WARN_UNUSED_LABEL = YES;
				GCC_WARN_UNUSED_PARAMETER = YES;
				GENERATE_INFOPLIST_FILE = YES;
				INFOPLIST_FILE = ToDoSwift/Info.plist;
				"INFOPLIST_KEY_UIApplicationSceneManifest_Generation[sdk=iphoneos*]" = YES;
				"INFOPLIST_KEY_UIApplicationSceneManifest_Generation[sdk=iphonesimulator*]" = YES;
				"INFOPLIST_KEY_UIApplicationSupportsIndirectInputEvents[sdk=iphoneos*]" = YES;
				"INFOPLIST_KEY_UIApplicationSupportsIndirectInputEvents[sdk=iphonesimulator*]" = YES;
				"INFOPLIST_KEY_UILaunchScreen_Generation[sdk=iphoneos*]" = YES;
				"INFOPLIST_KEY_UILaunchScreen_Generation[sdk=iphonesimulator*]" = YES;
				"INFOPLIST_KEY_UIStatusBarStyle[sdk=iphoneos*]" = UIStatusBarStyleDefault;
				"INFOPLIST_KEY_UIStatusBarStyle[sdk=iphonesimulator*]" = UIStatusBarStyleDefault;
				INFOPLIST_KEY_UISupportedInterfaceOrientations_iPad = "UIInterfaceOrientationPortrait UIInterfaceOrientationPortraitUpsideDown UIInterfaceOrientationLandscapeLeft UIInterfaceOrientationLandscapeRight";
				INFOPLIST_KEY_UISupportedInterfaceOrientations_iPhone = "UIInterfaceOrientationPortrait UIInterfaceOrientationLandscapeLeft UIInterfaceOrientationLandscapeRight";
				IPHONEOS_DEPLOYMENT_TARGET = 16.4;
				LD_RUNPATH_SEARCH_PATHS = "@executable_path/Frameworks";
				"LD_RUNPATH_SEARCH_PATHS[sdk=macosx*]" = "@executable_path/../Frameworks";
				MACOSX_DEPLOYMENT_TARGET = 13.3;
				MARKETING_VERSION = 1.0;
				PRODUCT_BUNDLE_IDENTIFIER = SwiftTest.ToDoSwift;
				PRODUCT_NAME = "$(TARGET_NAME)";
				SDKROOT = auto;
				SUPPORTED_PLATFORMS = "iphoneos iphonesimulator macosx";
				SWIFT_EMIT_LOC_STRINGS = YES;
				SWIFT_VERSION = 5.0;
				TARGETED_DEVICE_FAMILY = "1,2";
			};
			name = Release;
		};
		6F4D060A2A773A1900F54038 /* Debug */ = {
			isa = XCBuildConfiguration;
			buildSettings = {
				ALWAYS_EMBED_SWIFT_STANDARD_LIBRARIES = YES;
				BUNDLE_LOADER = "$(TEST_HOST)";
				CODE_SIGN_STYLE = Automatic;
				CURRENT_PROJECT_VERSION = 1;
				DEVELOPMENT_TEAM = HG3KB3UXFA;
				GENERATE_INFOPLIST_FILE = YES;
				IPHONEOS_DEPLOYMENT_TARGET = 16.4;
				MACOSX_DEPLOYMENT_TARGET = 13.3;
				MARKETING_VERSION = 1.0;
				PRODUCT_BUNDLE_IDENTIFIER = SwiftTest.ToDoSwiftTests;
				PRODUCT_NAME = "$(TARGET_NAME)";
				SDKROOT = auto;
				SUPPORTED_PLATFORMS = "iphoneos iphonesimulator macosx";
				SWIFT_EMIT_LOC_STRINGS = NO;
				SWIFT_VERSION = 5.0;
				TARGETED_DEVICE_FAMILY = "1,2";
				TEST_HOST = "$(BUILT_PRODUCTS_DIR)/ToDoSwift.app/$(BUNDLE_EXECUTABLE_FOLDER_PATH)/ToDoSwift";
			};
			name = Debug;
		};
		6F4D060B2A773A1900F54038 /* Release */ = {
			isa = XCBuildConfiguration;
			buildSettings = {
				ALWAYS_EMBED_SWIFT_STANDARD_LIBRARIES = YES;
				BUNDLE_LOADER = "$(TEST_HOST)";
				CODE_SIGN_STYLE = Automatic;
				CURRENT_PROJECT_VERSION = 1;
				DEVELOPMENT_TEAM = HG3KB3UXFA;
				GENERATE_INFOPLIST_FILE = YES;
				IPHONEOS_DEPLOYMENT_TARGET = 16.4;
				MACOSX_DEPLOYMENT_TARGET = 13.3;
				MARKETING_VERSION = 1.0;
				PRODUCT_BUNDLE_IDENTIFIER = SwiftTest.ToDoSwiftTests;
				PRODUCT_NAME = "$(TARGET_NAME)";
				SDKROOT = auto;
				SUPPORTED_PLATFORMS = "iphoneos iphonesimulator macosx";
				SWIFT_EMIT_LOC_STRINGS = NO;
				SWIFT_VERSION = 5.0;
				TARGETED_DEVICE_FAMILY = "1,2";
				TEST_HOST = "$(BUILT_PRODUCTS_DIR)/ToDoSwift.app/$(BUNDLE_EXECUTABLE_FOLDER_PATH)/ToDoSwift";
			};
			name = Release;
		};
		6F4D060D2A773A1900F54038 /* Debug */ = {
			isa = XCBuildConfiguration;
			buildSettings = {
				ALWAYS_EMBED_SWIFT_STANDARD_LIBRARIES = YES;
				CODE_SIGN_STYLE = Automatic;
				CURRENT_PROJECT_VERSION = 1;
				DEVELOPMENT_TEAM = HG3KB3UXFA;
				GENERATE_INFOPLIST_FILE = YES;
				IPHONEOS_DEPLOYMENT_TARGET = 16.4;
				MACOSX_DEPLOYMENT_TARGET = 13.3;
				MARKETING_VERSION = 1.0;
				PRODUCT_BUNDLE_IDENTIFIER = SwiftTest.ToDoSwiftUITests;
				PRODUCT_NAME = "$(TARGET_NAME)";
				SDKROOT = auto;
				SUPPORTED_PLATFORMS = "iphoneos iphonesimulator macosx";
				SWIFT_EMIT_LOC_STRINGS = NO;
				SWIFT_VERSION = 5.0;
				TARGETED_DEVICE_FAMILY = "1,2";
				TEST_TARGET_NAME = ToDoSwift;
			};
			name = Debug;
		};
		6F4D060E2A773A1900F54038 /* Release */ = {
			isa = XCBuildConfiguration;
			buildSettings = {
				ALWAYS_EMBED_SWIFT_STANDARD_LIBRARIES = YES;
				CODE_SIGN_STYLE = Automatic;
				CURRENT_PROJECT_VERSION = 1;
				DEVELOPMENT_TEAM = HG3KB3UXFA;
				GENERATE_INFOPLIST_FILE = YES;
				IPHONEOS_DEPLOYMENT_TARGET = 16.4;
				MACOSX_DEPLOYMENT_TARGET = 13.3;
				MARKETING_VERSION = 1.0;
				PRODUCT_BUNDLE_IDENTIFIER = SwiftTest.ToDoSwiftUITests;
				PRODUCT_NAME = "$(TARGET_NAME)";
				SDKROOT = auto;
				SUPPORTED_PLATFORMS = "iphoneos iphonesimulator macosx";
				SWIFT_EMIT_LOC_STRINGS = NO;
				SWIFT_VERSION = 5.0;
				TARGETED_DEVICE_FAMILY = "1,2";
				TEST_TARGET_NAME = ToDoSwift;
			};
			name = Release;
		};
/* End XCBuildConfiguration section */

/* Begin XCConfigurationList section */
		6F4D05DC2A773A1600F54038 /* Build configuration list for PBXProject "ToDoSwift" */ = {
			isa = XCConfigurationList;
			buildConfigurations = (
				6F4D06042A773A1900F54038 /* Debug */,
				6F4D06052A773A1900F54038 /* Release */,
			);
			defaultConfigurationIsVisible = 0;
			defaultConfigurationName = Release;
		};
		6F4D06062A773A1900F54038 /* Build configuration list for PBXNativeTarget "ToDoSwift" */ = {
			isa = XCConfigurationList;
			buildConfigurations = (
				6F4D06072A773A1900F54038 /* Debug */,
				6F4D06082A773A1900F54038 /* Release */,
			);
			defaultConfigurationIsVisible = 0;
			defaultConfigurationName = Release;
		};
		6F4D06092A773A1900F54038 /* Build configuration list for PBXNativeTarget "ToDoSwiftTests" */ = {
			isa = XCConfigurationList;
			buildConfigurations = (
				6F4D060A2A773A1900F54038 /* Debug */,
				6F4D060B2A773A1900F54038 /* Release */,
			);
			defaultConfigurationIsVisible = 0;
			defaultConfigurationName = Release;
		};
		6F4D060C2A773A1900F54038 /* Build configuration list for PBXNativeTarget "ToDoSwiftUITests" */ = {
			isa = XCConfigurationList;
			buildConfigurations = (
				6F4D060D2A773A1900F54038 /* Debug */,
				6F4D060E2A773A1900F54038 /* Release */,
			);
			defaultConfigurationIsVisible = 0;
			defaultConfigurationName = Release;
		};
/* End XCConfigurationList section */

/* Begin XCRemoteSwiftPackageReference section */
		6FB240CD2A8095D2001777A2 /* XCRemoteSwiftPackageReference "firebase-ios-sdk" */ = {
			isa = XCRemoteSwiftPackageReference;
			repositoryURL = "https://github.com/firebase/firebase-ios-sdk";
			requirement = {
				kind = upToNextMajorVersion;
				minimumVersion = 10.0.0;
			};
		};
		6FB240D02A8095FF001777A2 /* XCRemoteSwiftPackageReference "GoogleSignIn-iOS" */ = {
			isa = XCRemoteSwiftPackageReference;
			repositoryURL = "https://github.com/google/GoogleSignIn-iOS";
			requirement = {
				kind = upToNextMajorVersion;
				minimumVersion = 7.0.0;
			};
		};
/* End XCRemoteSwiftPackageReference section */

/* Begin XCSwiftPackageProductDependency section */
		6FB240CE2A8095D3001777A2 /* FirebaseAuth */ = {
			isa = XCSwiftPackageProductDependency;
			package = 6FB240CD2A8095D2001777A2 /* XCRemoteSwiftPackageReference "firebase-ios-sdk" */;
			productName = FirebaseAuth;
		};
		6FB240D12A8095FF001777A2 /* GoogleSignIn */ = {
			isa = XCSwiftPackageProductDependency;
			package = 6FB240D02A8095FF001777A2 /* XCRemoteSwiftPackageReference "GoogleSignIn-iOS" */;
			productName = GoogleSignIn;
		};
		6FB240D32A8095FF001777A2 /* GoogleSignInSwift */ = {
			isa = XCSwiftPackageProductDependency;
			package = 6FB240D02A8095FF001777A2 /* XCRemoteSwiftPackageReference "GoogleSignIn-iOS" */;
			productName = GoogleSignInSwift;
		};
/* End XCSwiftPackageProductDependency section */
	};
	rootObject = 6F4D05D92A773A1600F54038 /* Project object */;
}
